
Microsoft Visual Studio Solution File, Format Version 12.00
# Visual Studio Version 17
VisualStudioVersion = 17.3.32728.150
MinimumVisualStudioVersion = 10.0.40219.1
Project("{8BC9CEB8-8B4A-11D0-8D11-00A0C91BC942}") = "ProblemC_Rb", "ProblemC_Rb\ProblemC_Rb.vcxproj", "{D50D0482-F656-4AA9-80E5-DED5CD567FF4}"
EndProject
Project("{8BC9CEB8-8B4A-11D0-8D11-00A0C91BC942}") = "ProblemRAII", "ProblemRAII\ProblemRAII.vcxproj", "{6BCBD73B-B7C8-4BBC-AD66-2A9FE2B056CD}"
EndProject
Project("{8BC9CEB8-8B4A-11D0-8D11-00A0C91BC942}") = "ProblemSubsteps", "ProblemSubsteps\ProblemSubsteps.vcxproj", "{8AC88128-349A-48A6-A839-CAF22063C147}"
EndProject
Project("{8BC9CEB8-8B4A-11D0-8D11-00A0C91BC942}") = "ProblemFunctionComposition", "ProblemFunctionComposition\ProblemFunctionComposition.vcxproj", "{A15B91A4-54AA-40E8-9A5D-F08AFDD0993A}"
EndProject
Project("{8BC9CEB8-8B4A-11D0-8D11-00A0C91BC942}") = "ProblemKwama", "ProblemKwama\ProblemKwama.vcxproj", "{786A0D26-ABF9-405E-9010-181A60F3CE70}"
EndProject
Global
	GlobalSection(SolutionConfigurationPlatforms) = preSolution
		Debug|x64 = Debug|x64
		Debug|x86 = Debug|x86
		Release|x64 = Release|x64
		Release|x86 = Release|x86
	EndGlobalSection
	GlobalSection(ProjectConfigurationPlatforms) = postSolution
		{D50D0482-F656-4AA9-80E5-DED5CD567FF4}.Debug|x64.ActiveCfg = Debug|x64
		{D50D0482-F656-4AA9-80E5-DED5CD567FF4}.Debug|x64.Build.0 = Debug|x64
		{D50D0482-F656-4AA9-80E5-DED5CD567FF4}.Debug|x86.ActiveCfg = Debug|Win32
		{D50D0482-F656-4AA9-80E5-DED5CD567FF4}.Debug|x86.Build.0 = Debug|Win32
		{D50D0482-F656-4AA9-80E5-DED5CD567FF4}.Release|x64.ActiveCfg = Release|x64
		{D50D0482-F656-4AA9-80E5-DED5CD567FF4}.Release|x64.Build.0 = Release|x64
		{D50D0482-F656-4AA9-80E5-DED5CD567FF4}.Release|x86.ActiveCfg = Release|Win32
		{D50D0482-F656-4AA9-80E5-DED5CD567FF4}.Release|x86.Build.0 = Release|Win32
		{6BCBD73B-B7C8-4BBC-AD66-2A9FE2B056CD}.Debug|x64.ActiveCfg = Debug|x64
		{6BCBD73B-B7C8-4BBC-AD66-2A9FE2B056CD}.Debug|x64.Build.0 = Debug|x64
		{6BCBD73B-B7C8-4BBC-AD66-2A9FE2B056CD}.Debug|x86.ActiveCfg = Debug|Win32
		{6BCBD73B-B7C8-4BBC-AD66-2A9FE2B056CD}.Debug|x86.Build.0 = Debug|Win32
		{6BCBD73B-B7C8-4BBC-AD66-2A9FE2B056CD}.Release|x64.ActiveCfg = Release|x64
		{6BCBD73B-B7C8-4BBC-AD66-2A9FE2B056CD}.Release|x64.Build.0 = Release|x64
		{6BCBD73B-B7C8-4BBC-AD66-2A9FE2B056CD}.Release|x86.ActiveCfg = Release|Win32
		{6BCBD73B-B7C8-4BBC-AD66-2A9FE2B056CD}.Release|x86.Build.0 = Release|Win32
		{8AC88128-349A-48A6-A839-CAF22063C147}.Debug|x64.ActiveCfg = Debug|x64
		{8AC88128-349A-48A6-A839-CAF22063C147}.Debug|x64.Build.0 = Debug|x64
		{8AC88128-349A-48A6-A839-CAF22063C147}.Debug|x86.ActiveCfg = Debug|Win32
		{8AC88128-349A-48A6-A839-CAF22063C147}.Debug|x86.Build.0 = Debug|Win32
		{8AC88128-349A-48A6-A839-CAF22063C147}.Release|x64.ActiveCfg = Release|x64
		{8AC88128-349A-48A6-A839-CAF22063C147}.Release|x64.Build.0 = Release|x64
		{8AC88128-349A-48A6-A839-CAF22063C147}.Release|x86.ActiveCfg = Release|Win32
		{8AC88128-349A-48A6-A839-CAF22063C147}.Release|x86.Build.0 = Release|Win32
		{A15B91A4-54AA-40E8-9A5D-F08AFDD0993A}.Debug|x64.ActiveCfg = Debug|x64
		{A15B91A4-54AA-40E8-9A5D-F08AFDD0993A}.Debug|x64.Build.0 = Debug|x64
		{A15B91A4-54AA-40E8-9A5D-F08AFDD0993A}.Debug|x86.ActiveCfg = Debug|Win32
		{A15B91A4-54AA-40E8-9A5D-F08AFDD0993A}.Debug|x86.Build.0 = Debug|Win32
		{A15B91A4-54AA-40E8-9A5D-F08AFDD0993A}.Release|x64.ActiveCfg = Release|x64
		{A15B91A4-54AA-40E8-9A5D-F08AFDD0993A}.Release|x64.Build.0 = Release|x64
		{A15B91A4-54AA-40E8-9A5D-F08AFDD0993A}.Release|x86.ActiveCfg = Release|Win32
		{A15B91A4-54AA-40E8-9A5D-F08AFDD0993A}.Release|x86.Build.0 = Release|Win32
		{786A0D26-ABF9-405E-9010-181A60F3CE70}.Debug|x64.ActiveCfg = Debug|x64
		{786A0D26-ABF9-405E-9010-181A60F3CE70}.Debug|x64.Build.0 = Debug|x64
		{786A0D26-ABF9-405E-9010-181A60F3CE70}.Debug|x86.ActiveCfg = Debug|Win32
		{786A0D26-ABF9-405E-9010-181A60F3CE70}.Debug|x86.Build.0 = Debug|Win32
		{786A0D26-ABF9-405E-9010-181A60F3CE70}.Release|x64.ActiveCfg = Release|x64
		{786A0D26-ABF9-405E-9010-181A60F3CE70}.Release|x64.Build.0 = Release|x64
		{786A0D26-ABF9-405E-9010-181A60F3CE70}.Release|x86.ActiveCfg = Release|Win32
		{786A0D26-ABF9-405E-9010-181A60F3CE70}.Release|x86.Build.0 = Release|Win32
	EndGlobalSection
	GlobalSection(SolutionProperties) = preSolution
		HideSolutionNode = FALSE
	EndGlobalSection
	GlobalSection(ExtensibilityGlobals) = postSolution
		SolutionGuid = {79C9D4F4-F5D5-47A0-A8C0-F5D8D6FAD913}
	EndGlobalSection
EndGlobal
